github.com/go-sql-driver/mysql v1.6.0 h1:BCTh4TKNUYmOmMUcQ3IipzF5prigylS7XXjEkfCHuOE=
github.com/go-sql-driver/mysql v1.6.0/go.mod h1:DCzpHaOWr8IXmIStZouvnhqoel9Qv2LBy8hT2VhHyBg=
github.com/jinzhu/inflection v1.0.0 h1:K317FqzuhWc8YvSVlFMCCUb36O/S9MCKRDI7QkRKD/E=
github.com/jinzhu/inflection v1.0.0/go.mod h1:h+uFLlag+Qp1Va5pdKtLDYj+kHp5pxUVkryuEj+Srlc=
github.com/jinzhu/now v1.1.2 h1:eVKgfIdy9b6zbWBMgFpfDPoAMifwSZagU9HmEU6zgiI=
github.com/jinzhu/now v1.1.2/go.mod h1:d3SSVoowX0Lcu0IBviAWJpolVfI5UJVZZ7cO71lE/z8=
github.com/mattn/go-sqlite3 v1.14.8 h1:gDp86IdQsN/xWjIEmr9MF6o9mpksUgh0fu+9ByFxzIU=
github.com/mattn/go-sqlite3 v1.14.8/go.mod h1:NyWgC/yNuGj7Q9rpYnZvas74GogHl5/Z4A/KQRfk6bU=
golang.org/x/sys v0.0.0-20210930212924-f542c8878de8 h1:g54bVHzt/eKaj59LDwiDyLRXbOdJSfwRxA1WYEJx/Yo=
golang.org/x/sys v0.0.0-20210930212924-f542c8878de8/go.mod h1:oPkhp1MJrh7nUepCBck5+mAzfO9JrbApNNgaTdGDITg=
golang.org/x/text v0.3.7 h1:olpwvP2KacW1ZWvsR7uQhoyTYvKAupfQrRGBFM352Gk=
golang.org/x/text v0.3.7/go.mod h1:u+2+/6zg+i71rQMx5EYifcz6MCKuco9NR6JIITiCfzQ=
golang.org/x/tools v0.0.0-20180917221912-90fa682c2a6e/go.mod h1:n7NCudcB/nEzxVGmLbDWY5pfWTLqBcC2KZ6jyYvM4mQ=
gorm.io/driver/mysql v1.1.2 h1:OofcyE2lga734MxwcCW9uB4mWNXMr50uaGRVwQL2B0M=
gorm.io/driver/mysql v1.1.2/go.mod h1:4P/X9vSc3WTrhTLZ259cpFd6xKNYiSSdSZngkSBGIMM=
gorm.io/driver/sqlite v1.1.5 h1:JU8G59VyKu1x1RMQgjefQnkZjDe9wHc1kARDZPu5dZs=
gorm.io/driver/sqlite v1.1.5/go.mod h1:NpaYMcVKEh6vLJ47VP6T7Weieu4H1Drs3dGD/K6GrGc=
gorm.io/gorm v1.21.12/go.mod h1:F+OptMscr0P2F2qU97WT1WimdH9GaQPoDW7AYd5i2Y0=
gorm.io/gorm v1.21.15 h1:gAyaDoPw0lCyrSFWhBlahbUA1U4P5RViC1uIqoB+1Rk=
gorm.io/gorm v1.21.15/go.mod h1:F+OptMscr0P2F2qU97WT1WimdH9GaQPoDW7AYd5i2Y0=
